
Microsoft Visual Studio Solution File, Format Version 12.00
# Visual Studio Version 16
VisualStudioVersion = 16.0.30309.148
MinimumVisualStudioVersion = 10.0.40219.1
Project("{FAE04EC0-301F-11D3-BF4B-00C04F79EFBC}") = "TIDAL-RPC", "TIDAL-RPC\TIDAL-RPC.csproj", "{A8813CDB-1ADF-4A26-B884-BD515B6BEEA9}"
EndProject
Global
	GlobalSection(SolutionConfigurationPlatforms) = preSolution
		Debug|Any CPU = Debug|Any CPU
		Release|Any CPU = Release|Any CPU
	EndGlobalSection
	GlobalSection(ProjectConfigurationPlatforms) = postSolution
		{A8813CDB-1ADF-4A26-B884-BD515B6BEEA9}.Debug|Any CPU.ActiveCfg = Debug|Any CPU
		{A8813CDB-1ADF-4A26-B884-BD515B6BEEA9}.Debug|Any CPU.Build.0 = Debug|Any CPU
		{A8813CDB-1ADF-4A26-B884-BD515B6BEEA9}.Release|Any CPU.ActiveCfg = Release|Any CPU
		{A8813CDB-1ADF-4A26-B884-BD515B6BEEA9}.Release|Any CPU.Build.0 = Release|Any CPU
	EndGlobalSection
	GlobalSection(SolutionProperties) = preSolution
		HideSolutionNode = FALSE
	EndGlobalSection
	GlobalSection(ExtensibilityGlobals) = postSolution
		SolutionGuid = {574970D8-7BEF-4041-8006-4CF869B625E9}
	EndGlobalSection
EndGlobal
